
Microsoft Visual Studio Solution File, Format Version 12.00
# Visual Studio Version 16
VisualStudioVersion = 16.0.30709.64
MinimumVisualStudioVersion = 10.0.40219.1
Project("{FAE04EC0-301F-11D3-BF4B-00C04F79EFBC}") = "CrackingTheCodeInterview", "CrackingTheCodeInterview\CrackingTheCodeInterview.csproj", "{9914CBBB-9C24-4728-A3DA-C5F19CFB2BCC}"
EndProject
Project("{FAE04EC0-301F-11D3-BF4B-00C04F79EFBC}") = "CrackingCodeInterviewTests", "CrackingCodeInterviewTests\CrackingCodeInterviewTests.csproj", "{C833E16A-7C03-43DD-AFF2-97A9FAEEA7CC}"
EndProject
Global
	GlobalSection(SolutionConfigurationPlatforms) = preSolution
		Debug|Any CPU = Debug|Any CPU
		Release|Any CPU = Release|Any CPU
	EndGlobalSection
	GlobalSection(ProjectConfigurationPlatforms) = postSolution
		{9914CBBB-9C24-4728-A3DA-C5F19CFB2BCC}.Debug|Any CPU.ActiveCfg = Debug|Any CPU
		{9914CBBB-9C24-4728-A3DA-C5F19CFB2BCC}.Debug|Any CPU.Build.0 = Debug|Any CPU
		{9914CBBB-9C24-4728-A3DA-C5F19CFB2BCC}.Release|Any CPU.ActiveCfg = Release|Any CPU
		{9914CBBB-9C24-4728-A3DA-C5F19CFB2BCC}.Release|Any CPU.Build.0 = Release|Any CPU
		{C833E16A-7C03-43DD-AFF2-97A9FAEEA7CC}.Debug|Any CPU.ActiveCfg = Debug|Any CPU
		{C833E16A-7C03-43DD-AFF2-97A9FAEEA7CC}.Debug|Any CPU.Build.0 = Debug|Any CPU
		{C833E16A-7C03-43DD-AFF2-97A9FAEEA7CC}.Release|Any CPU.ActiveCfg = Release|Any CPU
		{C833E16A-7C03-43DD-AFF2-97A9FAEEA7CC}.Release|Any CPU.Build.0 = Release|Any CPU
	EndGlobalSection
	GlobalSection(SolutionProperties) = preSolution
		HideSolutionNode = FALSE
	EndGlobalSection
	GlobalSection(ExtensibilityGlobals) = postSolution
		SolutionGuid = {07FCC84E-8C0F-499D-B565-561E5E1E5B5E}
	EndGlobalSection
EndGlobal
